
Microsoft Visual Studio Solution File, Format Version 12.00
# Visual Studio Version 16
VisualStudioVersion = 16.0.30114.105
MinimumVisualStudioVersion = 10.0.40219.1
Project("{FAE04EC0-301F-11D3-BF4B-00C04F79EFBC}") = "texo.api", "texo.api\texo.api.csproj", "{A93830EF-BE2C-4DBD-A917-D1C5A2A0E810}"
EndProject
Project("{FAE04EC0-301F-11D3-BF4B-00C04F79EFBC}") = "texo.domain", "texo.domain\texo.domain.csproj", "{49AFA91D-2CD0-4FEB-B30F-5CF02B077E59}"
EndProject
Global
	GlobalSection(SolutionConfigurationPlatforms) = preSolution
		Debug|Any CPU = Debug|Any CPU
		Debug|x64 = Debug|x64
		Debug|x86 = Debug|x86
		Release|Any CPU = Release|Any CPU
		Release|x64 = Release|x64
		Release|x86 = Release|x86
	EndGlobalSection
	GlobalSection(SolutionProperties) = preSolution
		HideSolutionNode = FALSE
	EndGlobalSection
	GlobalSection(ProjectConfigurationPlatforms) = postSolution
		{A93830EF-BE2C-4DBD-A917-D1C5A2A0E810}.Debug|Any CPU.ActiveCfg = Debug|Any CPU
		{A93830EF-BE2C-4DBD-A917-D1C5A2A0E810}.Debug|Any CPU.Build.0 = Debug|Any CPU
		{A93830EF-BE2C-4DBD-A917-D1C5A2A0E810}.Debug|x64.ActiveCfg = Debug|Any CPU
		{A93830EF-BE2C-4DBD-A917-D1C5A2A0E810}.Debug|x64.Build.0 = Debug|Any CPU
		{A93830EF-BE2C-4DBD-A917-D1C5A2A0E810}.Debug|x86.ActiveCfg = Debug|Any CPU
		{A93830EF-BE2C-4DBD-A917-D1C5A2A0E810}.Debug|x86.Build.0 = Debug|Any CPU
		{A93830EF-BE2C-4DBD-A917-D1C5A2A0E810}.Release|Any CPU.ActiveCfg = Release|Any CPU
		{A93830EF-BE2C-4DBD-A917-D1C5A2A0E810}.Release|Any CPU.Build.0 = Release|Any CPU
		{A93830EF-BE2C-4DBD-A917-D1C5A2A0E810}.Release|x64.ActiveCfg = Release|Any CPU
		{A93830EF-BE2C-4DBD-A917-D1C5A2A0E810}.Release|x64.Build.0 = Release|Any CPU
		{A93830EF-BE2C-4DBD-A917-D1C5A2A0E810}.Release|x86.ActiveCfg = Release|Any CPU
		{A93830EF-BE2C-4DBD-A917-D1C5A2A0E810}.Release|x86.Build.0 = Release|Any CPU
		{49AFA91D-2CD0-4FEB-B30F-5CF02B077E59}.Debug|Any CPU.ActiveCfg = Debug|Any CPU
		{49AFA91D-2CD0-4FEB-B30F-5CF02B077E59}.Debug|Any CPU.Build.0 = Debug|Any CPU
		{49AFA91D-2CD0-4FEB-B30F-5CF02B077E59}.Debug|x64.ActiveCfg = Debug|Any CPU
		{49AFA91D-2CD0-4FEB-B30F-5CF02B077E59}.Debug|x64.Build.0 = Debug|Any CPU
		{49AFA91D-2CD0-4FEB-B30F-5CF02B077E59}.Debug|x86.ActiveCfg = Debug|Any CPU
		{49AFA91D-2CD0-4FEB-B30F-5CF02B077E59}.Debug|x86.Build.0 = Debug|Any CPU
		{49AFA91D-2CD0-4FEB-B30F-5CF02B077E59}.Release|Any CPU.ActiveCfg = Release|Any CPU
		{49AFA91D-2CD0-4FEB-B30F-5CF02B077E59}.Release|Any CPU.Build.0 = Release|Any CPU
		{49AFA91D-2CD0-4FEB-B30F-5CF02B077E59}.Release|x64.ActiveCfg = Release|Any CPU
		{49AFA91D-2CD0-4FEB-B30F-5CF02B077E59}.Release|x64.Build.0 = Release|Any CPU
		{49AFA91D-2CD0-4FEB-B30F-5CF02B077E59}.Release|x86.ActiveCfg = Release|Any CPU
		{49AFA91D-2CD0-4FEB-B30F-5CF02B077E59}.Release|x86.Build.0 = Release|Any CPU
	EndGlobalSection
EndGlobal
